
Microsoft Visual Studio Solution File, Format Version 12.00
# Visual Studio 2012
Project("{FAE04EC0-301F-11D3-BF4B-00C04F79EFBC}") = "TVDBDLL", "TVDBDLL\TVDBDLL.csproj", "{5DF5E740-DF96-413D-B615-B3FF30F780B1}"
EndProject
Project("{2150E333-8FDC-42A3-9474-1A3956D46DE8}") = "Business", "Business", "{7CDE5558-C75D-4B7F-B5F9-0B3BDBD0F239}"
EndProject
Project("{2150E333-8FDC-42A3-9474-1A3956D46DE8}") = "Client", "Client", "{F305575D-C117-4B34-8FF4-47224A6144F9}"
EndProject
Project("{2150E333-8FDC-42A3-9474-1A3956D46DE8}") = "Data Access", "Data Access", "{3CC1CE65-DEBA-4C1D-AFB1-6A4F8B030078}"
EndProject
Project("{2150E333-8FDC-42A3-9474-1A3956D46DE8}") = "Core", "Core", "{73F35288-B6AF-4BE9-AD95-C4B300E83039}"
EndProject
Project("{FAE04EC0-301F-11D3-BF4B-00C04F79EFBC}") = "Core.Common.Contracts", "Core.Common.Contracts\Core.Common.Contracts.csproj", "{77F3E9DF-57B9-4280-BFC3-07B0474984F9}"
EndProject
Project("{FAE04EC0-301F-11D3-BF4B-00C04F79EFBC}") = "TVShowRename.Business.Entities", "TVShowRename.Business.Entities\TVShowRename.Business.Entities.csproj", "{93C36B6D-389E-4A72-82E9-FD0DF65012BD}"
EndProject
Project("{FAE04EC0-301F-11D3-BF4B-00C04F79EFBC}") = "TVShowRename.Business.Contracts", "TVShowRename.Business.Contracts\TVShowRename.Business.Contracts.csproj", "{F99E9A0C-0744-496A-AFB4-95875BBA51F6}"
EndProject
Project("{FAE04EC0-301F-11D3-BF4B-00C04F79EFBC}") = "Core.Common", "Core.Common\Core.Common.csproj", "{7FB315C3-D5DC-40BE-BCA0-600280CDCDF3}"
EndProject
Project("{FAE04EC0-301F-11D3-BF4B-00C04F79EFBC}") = "TVShowRename.Business.Managers", "TVShowRename.Business.Managers\TVShowRename.Business.Managers.csproj", "{2102D1C9-80A1-4524-8051-378DF4963EA5}"
EndProject
Project("{FAE04EC0-301F-11D3-BF4B-00C04F79EFBC}") = "TVShowRename.Business.Bootstrapper", "TVShowRename.Business.Bootstrapper\TVShowRename.Business.Bootstrapper.csproj", "{BD4EA114-6CCC-49D9-88D2-24ACA433EA8A}"
EndProject
Project("{FAE04EC0-301F-11D3-BF4B-00C04F79EFBC}") = "TVShowRenameClient", "TVShowRenameClient\TVShowRenameClient.csproj", "{23103116-A6C6-42C7-A69C-AF410D0F1FAF}"
EndProject
Project("{2150E333-8FDC-42A3-9474-1A3956D46DE8}") = "Common", "Common", "{2F9D37F2-50EC-4E19-A762-1F2CD0127ED6}"
EndProject
Project("{FAE04EC0-301F-11D3-BF4B-00C04F79EFBC}") = "TVShowRename.Common", "TVShowRename.Common\TVShowRename.Common.csproj", "{C6B091F5-81C7-41A7-900C-92A002C8C33C}"
EndProject
Project("{FAE04EC0-301F-11D3-BF4B-00C04F79EFBC}") = "TVShowRename.Client", "TVShowRename.Client\TVShowRename.Client.csproj", "{179E136B-C910-4692-8FE5-61B42F17CB44}"
EndProject
Project("{2150E333-8FDC-42A3-9474-1A3956D46DE8}") = "Unit Tests", "Unit Tests", "{42027FB0-E839-4029-8FBE-BE4C6F507438}"
EndProject
Project("{FAE04EC0-301F-11D3-BF4B-00C04F79EFBC}") = "TVShowRename.Business.Managers.UnitTests", "Unit Tests\TVShowRename.Business.Managers.UnitTests\TVShowRename.Business.Managers.UnitTests.csproj", "{AF65C688-2BE2-44F0-9A1B-90EB2E00F028}"
EndProject
Global
	GlobalSection(SolutionConfigurationPlatforms) = preSolution
		CD_ROM|Any CPU = CD_ROM|Any CPU
		Debug|Any CPU = Debug|Any CPU
		DVD-5|Any CPU = DVD-5|Any CPU
		Release|Any CPU = Release|Any CPU
		SingleImage|Any CPU = SingleImage|Any CPU
	EndGlobalSection
	GlobalSection(ProjectConfigurationPlatforms) = postSolution
		{5DF5E740-DF96-413D-B615-B3FF30F780B1}.CD_ROM|Any CPU.ActiveCfg = Release|Any CPU
		{5DF5E740-DF96-413D-B615-B3FF30F780B1}.CD_ROM|Any CPU.Build.0 = Release|Any CPU
		{5DF5E740-DF96-413D-B615-B3FF30F780B1}.Debug|Any CPU.ActiveCfg = Debug|Any CPU
		{5DF5E740-DF96-413D-B615-B3FF30F780B1}.Debug|Any CPU.Build.0 = Debug|Any CPU
		{5DF5E740-DF96-413D-B615-B3FF30F780B1}.DVD-5|Any CPU.ActiveCfg = Debug|Any CPU
		{5DF5E740-DF96-413D-B615-B3FF30F780B1}.DVD-5|Any CPU.Build.0 = Debug|Any CPU
		{5DF5E740-DF96-413D-B615-B3FF30F780B1}.Release|Any CPU.ActiveCfg = Release|Any CPU
		{5DF5E740-DF96-413D-B615-B3FF30F780B1}.Release|Any CPU.Build.0 = Release|Any CPU
		{5DF5E740-DF96-413D-B615-B3FF30F780B1}.SingleImage|Any CPU.ActiveCfg = Release|Any CPU
		{5DF5E740-DF96-413D-B615-B3FF30F780B1}.SingleImage|Any CPU.Build.0 = Release|Any CPU
		{77F3E9DF-57B9-4280-BFC3-07B0474984F9}.CD_ROM|Any CPU.ActiveCfg = Release|Any CPU
		{77F3E9DF-57B9-4280-BFC3-07B0474984F9}.CD_ROM|Any CPU.Build.0 = Release|Any CPU
		{77F3E9DF-57B9-4280-BFC3-07B0474984F9}.Debug|Any CPU.ActiveCfg = Debug|Any CPU
		{77F3E9DF-57B9-4280-BFC3-07B0474984F9}.Debug|Any CPU.Build.0 = Debug|Any CPU
		{77F3E9DF-57B9-4280-BFC3-07B0474984F9}.DVD-5|Any CPU.ActiveCfg = Debug|Any CPU
		{77F3E9DF-57B9-4280-BFC3-07B0474984F9}.DVD-5|Any CPU.Build.0 = Debug|Any CPU
		{77F3E9DF-57B9-4280-BFC3-07B0474984F9}.Release|Any CPU.ActiveCfg = Release|Any CPU
		{77F3E9DF-57B9-4280-BFC3-07B0474984F9}.Release|Any CPU.Build.0 = Release|Any CPU
		{77F3E9DF-57B9-4280-BFC3-07B0474984F9}.SingleImage|Any CPU.ActiveCfg = Release|Any CPU
		{77F3E9DF-57B9-4280-BFC3-07B0474984F9}.SingleImage|Any CPU.Build.0 = Release|Any CPU
		{93C36B6D-389E-4A72-82E9-FD0DF65012BD}.CD_ROM|Any CPU.ActiveCfg = Release|Any CPU
		{93C36B6D-389E-4A72-82E9-FD0DF65012BD}.CD_ROM|Any CPU.Build.0 = Release|Any CPU
		{93C36B6D-389E-4A72-82E9-FD0DF65012BD}.Debug|Any CPU.ActiveCfg = Debug|Any CPU
		{93C36B6D-389E-4A72-82E9-FD0DF65012BD}.Debug|Any CPU.Build.0 = Debug|Any CPU
		{93C36B6D-389E-4A72-82E9-FD0DF65012BD}.DVD-5|Any CPU.ActiveCfg = Debug|Any CPU
		{93C36B6D-389E-4A72-82E9-FD0DF65012BD}.DVD-5|Any CPU.Build.0 = Debug|Any CPU
		{93C36B6D-389E-4A72-82E9-FD0DF65012BD}.Release|Any CPU.ActiveCfg = Release|Any CPU
		{93C36B6D-389E-4A72-82E9-FD0DF65012BD}.Release|Any CPU.Build.0 = Release|Any CPU
		{93C36B6D-389E-4A72-82E9-FD0DF65012BD}.SingleImage|Any CPU.ActiveCfg = Release|Any CPU
		{93C36B6D-389E-4A72-82E9-FD0DF65012BD}.SingleImage|Any CPU.Build.0 = Release|Any CPU
		{F99E9A0C-0744-496A-AFB4-95875BBA51F6}.CD_ROM|Any CPU.ActiveCfg = Release|Any CPU
		{F99E9A0C-0744-496A-AFB4-95875BBA51F6}.CD_ROM|Any CPU.Build.0 = Release|Any CPU
		{F99E9A0C-0744-496A-AFB4-95875BBA51F6}.Debug|Any CPU.ActiveCfg = Debug|Any CPU
		{F99E9A0C-0744-496A-AFB4-95875BBA51F6}.Debug|Any CPU.Build.0 = Debug|Any CPU
		{F99E9A0C-0744-496A-AFB4-95875BBA51F6}.DVD-5|Any CPU.ActiveCfg = Debug|Any CPU
		{F99E9A0C-0744-496A-AFB4-95875BBA51F6}.DVD-5|Any CPU.Build.0 = Debug|Any CPU
		{F99E9A0C-0744-496A-AFB4-95875BBA51F6}.Release|Any CPU.ActiveCfg = Release|Any CPU
		{F99E9A0C-0744-496A-AFB4-95875BBA51F6}.Release|Any CPU.Build.0 = Release|Any CPU
		{F99E9A0C-0744-496A-AFB4-95875BBA51F6}.SingleImage|Any CPU.ActiveCfg = Release|Any CPU
		{F99E9A0C-0744-496A-AFB4-95875BBA51F6}.SingleImage|Any CPU.Build.0 = Release|Any CPU
		{7FB315C3-D5DC-40BE-BCA0-600280CDCDF3}.CD_ROM|Any CPU.ActiveCfg = Release|Any CPU
		{7FB315C3-D5DC-40BE-BCA0-600280CDCDF3}.CD_ROM|Any CPU.Build.0 = Release|Any CPU
		{7FB315C3-D5DC-40BE-BCA0-600280CDCDF3}.Debug|Any CPU.ActiveCfg = Debug|Any CPU
		{7FB315C3-D5DC-40BE-BCA0-600280CDCDF3}.Debug|Any CPU.Build.0 = Debug|Any CPU
		{7FB315C3-D5DC-40BE-BCA0-600280CDCDF3}.DVD-5|Any CPU.ActiveCfg = Debug|Any CPU
		{7FB315C3-D5DC-40BE-BCA0-600280CDCDF3}.DVD-5|Any CPU.Build.0 = Debug|Any CPU
		{7FB315C3-D5DC-40BE-BCA0-600280CDCDF3}.Release|Any CPU.ActiveCfg = Release|Any CPU
		{7FB315C3-D5DC-40BE-BCA0-600280CDCDF3}.Release|Any CPU.Build.0 = Release|Any CPU
		{7FB315C3-D5DC-40BE-BCA0-600280CDCDF3}.SingleImage|Any CPU.ActiveCfg = Release|Any CPU
		{7FB315C3-D5DC-40BE-BCA0-600280CDCDF3}.SingleImage|Any CPU.Build.0 = Release|Any CPU
		{2102D1C9-80A1-4524-8051-378DF4963EA5}.CD_ROM|Any CPU.ActiveCfg = Release|Any CPU
		{2102D1C9-80A1-4524-8051-378DF4963EA5}.CD_ROM|Any CPU.Build.0 = Release|Any CPU
		{2102D1C9-80A1-4524-8051-378DF4963EA5}.Debug|Any CPU.ActiveCfg = Debug|Any CPU
		{2102D1C9-80A1-4524-8051-378DF4963EA5}.Debug|Any CPU.Build.0 = Debug|Any CPU
		{2102D1C9-80A1-4524-8051-378DF4963EA5}.DVD-5|Any CPU.ActiveCfg = Debug|Any CPU
		{2102D1C9-80A1-4524-8051-378DF4963EA5}.DVD-5|Any CPU.Build.0 = Debug|Any CPU
		{2102D1C9-80A1-4524-8051-378DF4963EA5}.Release|Any CPU.ActiveCfg = Release|Any CPU
		{2102D1C9-80A1-4524-8051-378DF4963EA5}.Release|Any CPU.Build.0 = Release|Any CPU
		{2102D1C9-80A1-4524-8051-378DF4963EA5}.SingleImage|Any CPU.ActiveCfg = Release|Any CPU
		{2102D1C9-80A1-4524-8051-378DF4963EA5}.SingleImage|Any CPU.Build.0 = Release|Any CPU
		{BD4EA114-6CCC-49D9-88D2-24ACA433EA8A}.CD_ROM|Any CPU.ActiveCfg = Release|Any CPU
		{BD4EA114-6CCC-49D9-88D2-24ACA433EA8A}.CD_ROM|Any CPU.Build.0 = Release|Any CPU
		{BD4EA114-6CCC-49D9-88D2-24ACA433EA8A}.Debug|Any CPU.ActiveCfg = Debug|Any CPU
		{BD4EA114-6CCC-49D9-88D2-24ACA433EA8A}.Debug|Any CPU.Build.0 = Debug|Any CPU
		{BD4EA114-6CCC-49D9-88D2-24ACA433EA8A}.DVD-5|Any CPU.ActiveCfg = Debug|Any CPU
		{BD4EA114-6CCC-49D9-88D2-24ACA433EA8A}.DVD-5|Any CPU.Build.0 = Debug|Any CPU
		{BD4EA114-6CCC-49D9-88D2-24ACA433EA8A}.Release|Any CPU.ActiveCfg = Release|Any CPU
		{BD4EA114-6CCC-49D9-88D2-24ACA433EA8A}.Release|Any CPU.Build.0 = Release|Any CPU
		{BD4EA114-6CCC-49D9-88D2-24ACA433EA8A}.SingleImage|Any CPU.ActiveCfg = Release|Any CPU
		{BD4EA114-6CCC-49D9-88D2-24ACA433EA8A}.SingleImage|Any CPU.Build.0 = Release|Any CPU
		{23103116-A6C6-42C7-A69C-AF410D0F1FAF}.CD_ROM|Any CPU.ActiveCfg = Release|Any CPU
		{23103116-A6C6-42C7-A69C-AF410D0F1FAF}.CD_ROM|Any CPU.Build.0 = Release|Any CPU
		{23103116-A6C6-42C7-A69C-AF410D0F1FAF}.Debug|Any CPU.ActiveCfg = Debug|Any CPU
		{23103116-A6C6-42C7-A69C-AF410D0F1FAF}.Debug|Any CPU.Build.0 = Debug|Any CPU
		{23103116-A6C6-42C7-A69C-AF410D0F1FAF}.DVD-5|Any CPU.ActiveCfg = Debug|Any CPU
		{23103116-A6C6-42C7-A69C-AF410D0F1FAF}.DVD-5|Any CPU.Build.0 = Debug|Any CPU
		{23103116-A6C6-42C7-A69C-AF410D0F1FAF}.Release|Any CPU.ActiveCfg = Release|Any CPU
		{23103116-A6C6-42C7-A69C-AF410D0F1FAF}.Release|Any CPU.Build.0 = Release|Any CPU
		{23103116-A6C6-42C7-A69C-AF410D0F1FAF}.SingleImage|Any CPU.ActiveCfg = Release|Any CPU
		{23103116-A6C6-42C7-A69C-AF410D0F1FAF}.SingleImage|Any CPU.Build.0 = Release|Any CPU
		{C6B091F5-81C7-41A7-900C-92A002C8C33C}.CD_ROM|Any CPU.ActiveCfg = Release|Any CPU
		{C6B091F5-81C7-41A7-900C-92A002C8C33C}.CD_ROM|Any CPU.Build.0 = Release|Any CPU
		{C6B091F5-81C7-41A7-900C-92A002C8C33C}.Debug|Any CPU.ActiveCfg = Debug|Any CPU
		{C6B091F5-81C7-41A7-900C-92A002C8C33C}.Debug|Any CPU.Build.0 = Debug|Any CPU
		{C6B091F5-81C7-41A7-900C-92A002C8C33C}.DVD-5|Any CPU.ActiveCfg = Debug|Any CPU
		{C6B091F5-81C7-41A7-900C-92A002C8C33C}.DVD-5|Any CPU.Build.0 = Debug|Any CPU
		{C6B091F5-81C7-41A7-900C-92A002C8C33C}.Release|Any CPU.ActiveCfg = Release|Any CPU
		{C6B091F5-81C7-41A7-900C-92A002C8C33C}.Release|Any CPU.Build.0 = Release|Any CPU
		{C6B091F5-81C7-41A7-900C-92A002C8C33C}.SingleImage|Any CPU.ActiveCfg = Release|Any CPU
		{C6B091F5-81C7-41A7-900C-92A002C8C33C}.SingleImage|Any CPU.Build.0 = Release|Any CPU
		{179E136B-C910-4692-8FE5-61B42F17CB44}.CD_ROM|Any CPU.ActiveCfg = Release|Any CPU
		{179E136B-C910-4692-8FE5-61B42F17CB44}.CD_ROM|Any CPU.Build.0 = Release|Any CPU
		{179E136B-C910-4692-8FE5-61B42F17CB44}.Debug|Any CPU.ActiveCfg = Debug|Any CPU
		{179E136B-C910-4692-8FE5-61B42F17CB44}.Debug|Any CPU.Build.0 = Debug|Any CPU
		{179E136B-C910-4692-8FE5-61B42F17CB44}.DVD-5|Any CPU.ActiveCfg = Debug|Any CPU
		{179E136B-C910-4692-8FE5-61B42F17CB44}.DVD-5|Any CPU.Build.0 = Debug|Any CPU
		{179E136B-C910-4692-8FE5-61B42F17CB44}.Release|Any CPU.ActiveCfg = Release|Any CPU
		{179E136B-C910-4692-8FE5-61B42F17CB44}.Release|Any CPU.Build.0 = Release|Any CPU
		{179E136B-C910-4692-8FE5-61B42F17CB44}.SingleImage|Any CPU.ActiveCfg = Release|Any CPU
		{179E136B-C910-4692-8FE5-61B42F17CB44}.SingleImage|Any CPU.Build.0 = Release|Any CPU
		{AF65C688-2BE2-44F0-9A1B-90EB2E00F028}.CD_ROM|Any CPU.ActiveCfg = Release|Any CPU
		{AF65C688-2BE2-44F0-9A1B-90EB2E00F028}.CD_ROM|Any CPU.Build.0 = Release|Any CPU
		{AF65C688-2BE2-44F0-9A1B-90EB2E00F028}.Debug|Any CPU.ActiveCfg = Debug|Any CPU
		{AF65C688-2BE2-44F0-9A1B-90EB2E00F028}.Debug|Any CPU.Build.0 = Debug|Any CPU
		{AF65C688-2BE2-44F0-9A1B-90EB2E00F028}.DVD-5|Any CPU.ActiveCfg = Debug|Any CPU
		{AF65C688-2BE2-44F0-9A1B-90EB2E00F028}.DVD-5|Any CPU.Build.0 = Debug|Any CPU
		{AF65C688-2BE2-44F0-9A1B-90EB2E00F028}.Release|Any CPU.ActiveCfg = Release|Any CPU
		{AF65C688-2BE2-44F0-9A1B-90EB2E00F028}.Release|Any CPU.Build.0 = Release|Any CPU
		{AF65C688-2BE2-44F0-9A1B-90EB2E00F028}.SingleImage|Any CPU.ActiveCfg = Release|Any CPU
		{AF65C688-2BE2-44F0-9A1B-90EB2E00F028}.SingleImage|Any CPU.Build.0 = Release|Any CPU
	EndGlobalSection
	GlobalSection(SolutionProperties) = preSolution
		HideSolutionNode = FALSE
	EndGlobalSection
	GlobalSection(NestedProjects) = preSolution
		{93C36B6D-389E-4A72-82E9-FD0DF65012BD} = {7CDE5558-C75D-4B7F-B5F9-0B3BDBD0F239}
		{F99E9A0C-0744-496A-AFB4-95875BBA51F6} = {7CDE5558-C75D-4B7F-B5F9-0B3BDBD0F239}
		{2102D1C9-80A1-4524-8051-378DF4963EA5} = {7CDE5558-C75D-4B7F-B5F9-0B3BDBD0F239}
		{BD4EA114-6CCC-49D9-88D2-24ACA433EA8A} = {7CDE5558-C75D-4B7F-B5F9-0B3BDBD0F239}
		{179E136B-C910-4692-8FE5-61B42F17CB44} = {F305575D-C117-4B34-8FF4-47224A6144F9}
		{77F3E9DF-57B9-4280-BFC3-07B0474984F9} = {73F35288-B6AF-4BE9-AD95-C4B300E83039}
		{7FB315C3-D5DC-40BE-BCA0-600280CDCDF3} = {73F35288-B6AF-4BE9-AD95-C4B300E83039}
		{C6B091F5-81C7-41A7-900C-92A002C8C33C} = {2F9D37F2-50EC-4E19-A762-1F2CD0127ED6}
		{AF65C688-2BE2-44F0-9A1B-90EB2E00F028} = {42027FB0-E839-4029-8FBE-BE4C6F507438}
	EndGlobalSection
EndGlobal
